
Microsoft Visual Studio Solution File, Format Version 12.00
# Visual Studio Version 16
VisualStudioVersion = 16.0.808.10
MinimumVisualStudioVersion = 10.0.40219.1
Project("{FAE04EC0-301F-11D3-BF4B-00C04F79EFBC}") = "CustomerVehiclesCrudAPI", "CustomerVehiclesCrudAPI\CustomerVehiclesCrudAPI.csproj", "{48F3AD9B-EED0-4ACE-A344-7417B1440B4D}"
EndProject
Project("{2150E333-8FDC-42A3-9474-1A3956D46DE8}") = "Test", "Test", "{941BCF86-D7A5-42E1-AF8F-93FD9BA5BC32}"
EndProject
Project("{FAE04EC0-301F-11D3-BF4B-00C04F79EFBC}") = "CustomerVehiclesCrudAPITest", "CustomerVehiclesCrudAPITest\CustomerVehiclesCrudAPITest.csproj", "{891D5AA4-CA82-4078-9665-A7462AC69A2E}"
EndProject
Project("{E53339B2-1760-4266-BCC7-CA923CBCF16C}") = "docker-compose", "docker-compose.dcproj", "{84DCB043-D5B5-4E55-9D65-27641CFAEBCE}"
EndProject
Project("{2150E333-8FDC-42A3-9474-1A3956D46DE8}") = "API", "API", "{7F50C386-6DCD-482B-84C0-2AC19380CB7D}"
EndProject
Project("{2150E333-8FDC-42A3-9474-1A3956D46DE8}") = "APP", "APP", "{88F6423D-D99D-40CD-83EA-A193DE89916F}"
EndProject
Project("{2150E333-8FDC-42A3-9474-1A3956D46DE8}") = "Customer", "Customer", "{B562B6FA-60CF-4FF9-B19B-524B808976D2}"
EndProject
Project("{2150E333-8FDC-42A3-9474-1A3956D46DE8}") = "Vehicle", "Vehicle", "{4177F20D-94F5-4F0E-AA66-98143C078E65}"
EndProject
Project("{2150E333-8FDC-42A3-9474-1A3956D46DE8}") = "SRC", "SRC", "{C2F3BBD8-BD22-4582-9C0F-235B1DD828E0}"
EndProject
Project("{2150E333-8FDC-42A3-9474-1A3956D46DE8}") = "Test", "Test", "{28DC9E19-D248-487C-B30A-1F15DCBE8555}"
EndProject
Project("{2150E333-8FDC-42A3-9474-1A3956D46DE8}") = "SRC", "SRC", "{796AB0E2-556F-4BEA-8D9F-BF313759FD5F}"
EndProject
Project("{2150E333-8FDC-42A3-9474-1A3956D46DE8}") = "Test", "Test", "{FC6DB902-8BD1-45D3-AA90-30F6F68D8C41}"
EndProject
Project("{2150E333-8FDC-42A3-9474-1A3956D46DE8}") = "SRC", "SRC", "{36E3763A-87BA-4CED-8B0A-7B5FBEBEBE22}"
EndProject
Project("{2150E333-8FDC-42A3-9474-1A3956D46DE8}") = "Test", "Test", "{40072436-E56A-476C-BC57-50AAB525FE0B}"
EndProject
Project("{FAE04EC0-301F-11D3-BF4B-00C04F79EFBC}") = "CustomerCrudAPI", "CustomerCrudAPI\CustomerCrudAPI.csproj", "{877F1D68-9AE6-42E7-BA3E-C0EE9F074524}"
EndProject
Project("{FAE04EC0-301F-11D3-BF4B-00C04F79EFBC}") = "VehicleCrudAPI", "VehicleCrudAPI\VehicleCrudAPI.csproj", "{BDEC2197-8F38-4B6A-9DCF-2A25BF3C28A8}"
EndProject
Project("{FAE04EC0-301F-11D3-BF4B-00C04F79EFBC}") = "CustomerCrudTest", "CustomerCrudTest\CustomerCrudTest.csproj", "{0EE419BF-FC77-4AD0-B7D4-16510F8AF552}"
EndProject
Project("{FAE04EC0-301F-11D3-BF4B-00C04F79EFBC}") = "VehicleCrudTest", "VehicleCrudTest\VehicleCrudTest.csproj", "{8AFF7B97-C41A-40FA-A921-445D2C139B15}"
EndProject
Project("{FAE04EC0-301F-11D3-BF4B-00C04F79EFBC}") = "ConnectedVehiclesAPP", "ConnectedVehiclesAPP\ConnectedVehiclesAPP.csproj", "{8EEE1A7D-9E9A-4C42-A97B-95C959002393}"
EndProject
Global
	GlobalSection(SolutionConfigurationPlatforms) = preSolution
		Debug|Any CPU = Debug|Any CPU
		Release|Any CPU = Release|Any CPU
	EndGlobalSection
	GlobalSection(ProjectConfigurationPlatforms) = postSolution
		{48F3AD9B-EED0-4ACE-A344-7417B1440B4D}.Debug|Any CPU.ActiveCfg = Debug|Any CPU
		{48F3AD9B-EED0-4ACE-A344-7417B1440B4D}.Debug|Any CPU.Build.0 = Debug|Any CPU
		{48F3AD9B-EED0-4ACE-A344-7417B1440B4D}.Release|Any CPU.ActiveCfg = Release|Any CPU
		{48F3AD9B-EED0-4ACE-A344-7417B1440B4D}.Release|Any CPU.Build.0 = Release|Any CPU
		{891D5AA4-CA82-4078-9665-A7462AC69A2E}.Debug|Any CPU.ActiveCfg = Debug|Any CPU
		{891D5AA4-CA82-4078-9665-A7462AC69A2E}.Debug|Any CPU.Build.0 = Debug|Any CPU
		{891D5AA4-CA82-4078-9665-A7462AC69A2E}.Release|Any CPU.ActiveCfg = Release|Any CPU
		{891D5AA4-CA82-4078-9665-A7462AC69A2E}.Release|Any CPU.Build.0 = Release|Any CPU
		{84DCB043-D5B5-4E55-9D65-27641CFAEBCE}.Debug|Any CPU.ActiveCfg = Debug|Any CPU
		{84DCB043-D5B5-4E55-9D65-27641CFAEBCE}.Debug|Any CPU.Build.0 = Debug|Any CPU
		{84DCB043-D5B5-4E55-9D65-27641CFAEBCE}.Release|Any CPU.ActiveCfg = Release|Any CPU
		{84DCB043-D5B5-4E55-9D65-27641CFAEBCE}.Release|Any CPU.Build.0 = Release|Any CPU
		{877F1D68-9AE6-42E7-BA3E-C0EE9F074524}.Debug|Any CPU.ActiveCfg = Debug|Any CPU
		{877F1D68-9AE6-42E7-BA3E-C0EE9F074524}.Debug|Any CPU.Build.0 = Debug|Any CPU
		{877F1D68-9AE6-42E7-BA3E-C0EE9F074524}.Release|Any CPU.ActiveCfg = Release|Any CPU
		{877F1D68-9AE6-42E7-BA3E-C0EE9F074524}.Release|Any CPU.Build.0 = Release|Any CPU
		{BDEC2197-8F38-4B6A-9DCF-2A25BF3C28A8}.Debug|Any CPU.ActiveCfg = Debug|Any CPU
		{BDEC2197-8F38-4B6A-9DCF-2A25BF3C28A8}.Debug|Any CPU.Build.0 = Debug|Any CPU
		{BDEC2197-8F38-4B6A-9DCF-2A25BF3C28A8}.Release|Any CPU.ActiveCfg = Release|Any CPU
		{BDEC2197-8F38-4B6A-9DCF-2A25BF3C28A8}.Release|Any CPU.Build.0 = Release|Any CPU
		{0EE419BF-FC77-4AD0-B7D4-16510F8AF552}.Debug|Any CPU.ActiveCfg = Debug|Any CPU
		{0EE419BF-FC77-4AD0-B7D4-16510F8AF552}.Debug|Any CPU.Build.0 = Debug|Any CPU
		{0EE419BF-FC77-4AD0-B7D4-16510F8AF552}.Release|Any CPU.ActiveCfg = Release|Any CPU
		{0EE419BF-FC77-4AD0-B7D4-16510F8AF552}.Release|Any CPU.Build.0 = Release|Any CPU
		{8AFF7B97-C41A-40FA-A921-445D2C139B15}.Debug|Any CPU.ActiveCfg = Debug|Any CPU
		{8AFF7B97-C41A-40FA-A921-445D2C139B15}.Debug|Any CPU.Build.0 = Debug|Any CPU
		{8AFF7B97-C41A-40FA-A921-445D2C139B15}.Release|Any CPU.ActiveCfg = Release|Any CPU
		{8AFF7B97-C41A-40FA-A921-445D2C139B15}.Release|Any CPU.Build.0 = Release|Any CPU
		{8EEE1A7D-9E9A-4C42-A97B-95C959002393}.Debug|Any CPU.ActiveCfg = Debug|Any CPU
		{8EEE1A7D-9E9A-4C42-A97B-95C959002393}.Debug|Any CPU.Build.0 = Debug|Any CPU
		{8EEE1A7D-9E9A-4C42-A97B-95C959002393}.Release|Any CPU.ActiveCfg = Release|Any CPU
		{8EEE1A7D-9E9A-4C42-A97B-95C959002393}.Release|Any CPU.Build.0 = Release|Any CPU
	EndGlobalSection
	GlobalSection(SolutionProperties) = preSolution
		HideSolutionNode = FALSE
	EndGlobalSection
	GlobalSection(ExtensibilityGlobals) = postSolution
		SolutionGuid = {08731157-BB36-4ED2-B25D-F1614B69FBD9}
	EndGlobalSection
	GlobalSection(NestedProjects) = preSolution
		{891D5AA4-CA82-4078-9665-A7462AC69A2E} = {941BCF86-D7A5-42E1-AF8F-93FD9BA5BC32}
		{B562B6FA-60CF-4FF9-B19B-524B808976D2} = {7F50C386-6DCD-482B-84C0-2AC19380CB7D}
		{4177F20D-94F5-4F0E-AA66-98143C078E65} = {7F50C386-6DCD-482B-84C0-2AC19380CB7D}
		{C2F3BBD8-BD22-4582-9C0F-235B1DD828E0} = {B562B6FA-60CF-4FF9-B19B-524B808976D2}
		{28DC9E19-D248-487C-B30A-1F15DCBE8555} = {B562B6FA-60CF-4FF9-B19B-524B808976D2}
		{796AB0E2-556F-4BEA-8D9F-BF313759FD5F} = {4177F20D-94F5-4F0E-AA66-98143C078E65}
		{FC6DB902-8BD1-45D3-AA90-30F6F68D8C41} = {4177F20D-94F5-4F0E-AA66-98143C078E65}
		{36E3763A-87BA-4CED-8B0A-7B5FBEBEBE22} = {88F6423D-D99D-40CD-83EA-A193DE89916F}
		{40072436-E56A-476C-BC57-50AAB525FE0B} = {88F6423D-D99D-40CD-83EA-A193DE89916F}
		{877F1D68-9AE6-42E7-BA3E-C0EE9F074524} = {C2F3BBD8-BD22-4582-9C0F-235B1DD828E0}
		{BDEC2197-8F38-4B6A-9DCF-2A25BF3C28A8} = {796AB0E2-556F-4BEA-8D9F-BF313759FD5F}
		{0EE419BF-FC77-4AD0-B7D4-16510F8AF552} = {28DC9E19-D248-487C-B30A-1F15DCBE8555}
		{8AFF7B97-C41A-40FA-A921-445D2C139B15} = {FC6DB902-8BD1-45D3-AA90-30F6F68D8C41}
		{8EEE1A7D-9E9A-4C42-A97B-95C959002393} = {36E3763A-87BA-4CED-8B0A-7B5FBEBEBE22}
	EndGlobalSection
EndGlobal
